// !$*UTF8*$!
{
	archiveVersion = 1;
	classes = {
	};
	objectVersion = 48;
	objects = {

/* Begin PBXBuildFile section */
		18F38DCF1FFF22BB0067200E /* AppDelegate.m in Sources */ = {isa = PBXBuildFile; fileRef = 18F38DCE1FFF22BB0067200E /* AppDelegate.m */; };
		18F38DD21FFF22BB0067200E /* ViewController.m in Sources */ = {isa = PBXBuildFile; fileRef = 18F38DD11FFF22BB0067200E /* ViewController.m */; };
		18F38DD51FFF22BB0067200E /* Main.storyboard in Resources */ = {isa = PBXBuildFile; fileRef = 18F38DD31FFF22BB0067200E /* Main.storyboard */; };
		18F38DD71FFF22BB0067200E /* Assets.xcassets in Resources */ = {isa = PBXBuildFile; fileRef = 18F38DD61FFF22BB0067200E /* Assets.xcassets */; };
		18F38DDA1FFF22BB0067200E /* LaunchScreen.storyboard in Resources */ = {isa = PBXBuildFile; fileRef = 18F38DD81FFF22BB0067200E /* LaunchScreen.storyboard */; };
		18F38DDD1FFF22BB0067200E /* main.m in Sources */ = {isa = PBXBuildFile; fileRef = 18F38DDC1FFF22BB0067200E /* main.m */; };
/* End PBXBuildFile section */

/* Begin PBXFileReference section */
		18F38DCA1FFF22BB0067200E /* HT_stock.app */ = {isa = PBXFileReference; explicitFileType = wrapper.application; includeInIndex = 0; path = HT_stock.app; sourceTree = BUILT_PRODUCTS_DIR; };
		18F38DCD1FFF22BB0067200E /* AppDelegate.h */ = {isa = PBXFileReference; lastKnownFileType = sourcecode.c.h; path = AppDelegate.h; sourceTree = "<group>"; };
		18F38DCE1FFF22BB0067200E /* AppDelegate.m */ = {isa = PBXFileReference; lastKnownFileType = sourcecode.c.objc; path = AppDelegate.m; sourceTree = "<group>"; };
		18F38DD01FFF22BB0067200E /* ViewController.h */ = {isa = PBXFileReference; lastKnownFileType = sourcecode.c.h; path = ViewController.h; sourceTree = "<group>"; };
		18F38DD11FFF22BB0067200E /* ViewController.m */ = {isa = PBXFileReference; lastKnownFileType = sourcecode.c.objc; path = ViewController.m; sourceTree = "<group>"; };
		18F38DD41FFF22BB0067200E /* Base */ = {isa = PBXFileReference; lastKnownFileType = file.storyboard; name = Base; path = Base.lproj/Main.storyboard; sourceTree = "<group>"; };
		18F38DD61FFF22BB0067200E /* Assets.xcassets */ = {isa = PBXFileReference; lastKnownFileType = folder.assetcatalog; path = Assets.xcassets; sourceTree = "<group>"; };
		18F38DD91FFF22BB0067200E /* Base */ = {isa = PBXFileReference; lastKnownFileType = file.storyboard; name = Base; path = Base.lproj/LaunchScreen.storyboard; sourceTree = "<group>"; };
		18F38DDB1FFF22BB0067200E /* Info.plist */ = {isa = PBXFileReference; lastKnownFileType = text.plist.xml; path = Info.plist; sourceTree = "<group>"; };
		18F38DDC1FFF22BB0067200E /* main.m */ = {isa = PBXFileReference; lastKnownFileType = sourcecode.c.objc; path = main.m; sourceTree = "<group>"; };
/* End PBXFileReference section */

/* Begin PBXFrameworksBuildPhase section */
		18F38DC71FFF22BB0067200E /* Frameworks */ = {
			isa = PBXFrameworksBuildPhase;
			buildActionMask = 2147483647;
			files = (
			);
			runOnlyForDeploymentPostprocessing = 0;
		};
/* End PBXFrameworksBuildPhase section */

/* Begin PBXGroup section */
		18F38DC11FFF22BB0067200E = {
			isa = PBXGroup;
			children = (
				18F38DCC1FFF22BB0067200E /* HT_stock */,
				18F38DCB1FFF22BB0067200E /* Products */,
			);
			sourceTree = "<group>";
		};
		18F38DCB1FFF22BB0067200E /* Products */ = {
			isa = PBXGroup;
			children = (
				18F38DCA1FFF22BB0067200E /* HT_stock.app */,
			);
			name = Products;
			sourceTree = "<group>";
		};
		18F38DCC1FFF22BB0067200E /* HT_stock */ = {
			isa = PBXGroup;
			children = (
				18F38DCD1FFF22BB0067200E /* AppDelegate.h */,
				18F38DCE1FFF22BB0067200E /* AppDelegate.m */,
				18F38DD01FFF22BB0067200E /* ViewController.h */,
				18F38DD11FFF22BB0067200E /* ViewController.m */,
				18F38DD31FFF22BB0067200E /* Main.storyboard */,
				18F38DD61FFF22BB0067200E /* Assets.xcassets */,
				18F38DD81FFF22BB0067200E /* LaunchScreen.storyboard */,
				18F38DDB1FFF22BB0067200E /* Info.plist */,
				18F38DDC1FFF22BB0067200E /* main.m */,
			);
			path = HT_stock;
			sourceTree = "<group>";
		};
/* End PBXGroup section */

/* Begin PBXNativeTarget section */
		18F38DC91FFF22BB0067200E /* HT_stock */ = {
			isa = PBXNativeTarget;
			buildConfigurationList = 18F38DE01FFF22BB0067200E /* Build configuration list for PBXNativeTarget "HT_stock" */;
			buildPhases = (
				18F38DC61FFF22BB0067200E /* Sources */,
				18F38DC71FFF22BB0067200E /* Frameworks */,
				18F38DC81FFF22BB0067200E /* Resources */,
			);
			buildRules = (
			);
			dependencies = (
			);
			name = HT_stock;
			productName = HT_stock;
			productReference = 18F38DCA1FFF22BB0067200E /* HT_stock.app */;
			productType = "com.apple.product-type.application";
		};
/* End PBXNativeTarget section */

/* Begin PBXProject section */
		18F38DC21FFF22BB0067200E /* Project object */ = {
			isa = PBXProject;
			attributes = {
				LastUpgradeCheck = 0920;
				ORGANIZATIONNAME = mfhcd;
				TargetAttributes = {
					18F38DC91FFF22BB0067200E = {
						CreatedOnToolsVersion = 9.2;
						ProvisioningStyle = Automatic;
					};
				};
			};
			buildConfigurationList = 18F38DC51FFF22BB0067200E /* Build configuration list for PBXProject "HT_stock" */;
			compatibilityVersion = "Xcode 8.0";
			developmentRegion = en;
			hasScannedForEncodings = 0;
			knownRegions = (
				en,
				Base,
			);
			mainGroup = 18F38DC11FFF22BB0067200E;
			productRefGroup = 18F38DCB1FFF22BB0067200E /* Products */;
			projectDirPath = "";
			projectRoot = "";
			targets = (
				18F38DC91FFF22BB0067200E /* HT_stock */,
			);
		};
/* End PBXProject section */

/* Begin PBXResourcesBuildPhase section */
		18F38DC81FFF22BB0067200E /* Resources */ = {
			isa = PBXResourcesBuildPhase;
			buildActionMask = 2147483647;
			files = (
				18F38DDA1FFF22BB0067200E /* LaunchScreen.storyboard in Resources */,
				18F38DD71FFF22BB0067200E /* Assets.xcassets in Resources */,
				18F38DD51FFF22BB0067200E /* Main.storyboard in Resources */,
			);
			runOnlyForDeploymentPostprocessing = 0;
		};
/* End PBXResourcesBuildPhase section */

/* Begin PBXSourcesBuildPhase section */
		18F38DC61FFF22BB0067200E /* Sources */ = {
			isa = PBXSourcesBuildPhase;
			buildActionMask = 2147483647;
			files = (
				18F38DD21FFF22BB0067200E /* ViewController.m in Sources */,
				18F38DDD1FFF22BB0067200E /* main.m in Sources */,
				18F38DCF1FFF22BB0067200E /* AppDelegate.m in Sources */,
			);
			runOnlyForDeploymentPostprocessing = 0;
		};
/* End PBXSourcesBuildPhase section */

/* Begin PBXVariantGroup section */
		18F38DD31FFF22BB0067200E /* Main.storyboard */ = {
			isa = PBXVariantGroup;
			children = (
				18F38DD41FFF22BB0067200E /* Base */,
			);
			name = Main.storyboard;
			sourceTree = "<group>";
		};
		18F38DD81FFF22BB0067200E /* LaunchScreen.storyboard */ = {
			isa = PBXVariantGroup;
			children = (
				18F38DD91FFF22BB0067200E /* Base */,
			);
			name = LaunchScreen.storyboard;
			sourceTree = "<group>";
		};
/* End PBXVariantGroup section */

/* Begin XCBuildConfiguration section */
		18F38DDE1FFF22BB0067200E /* Debug */ = {
			isa = XCBuildConfiguration;
			buildSettings = {
				ALWAYS_SEARCH_USER_PATHS = NO;
				CLANG_ANALYZER_NONNULL = YES;
				CLANG_ANALYZER_NUMBER_OBJECT_CONVERSION = YES_AGGRESSIVE;
				CLANG_CXX_LANGUAGE_STANDARD = "gnu++14";
				CLANG_CXX_LIBRARY = "libc++";
				CLANG_ENABLE_MODULES = YES;
				CLANG_ENABLE_OBJC_ARC = YES;
				CLANG_WARN_BLOCK_CAPTURE_AUTORELEASING = YES;
				CLANG_WARN_BOOL_CONVERSION = YES;
				CLANG_WARN_COMMA = YES;
				CLANG_WARN_CONSTANT_CONVERSION = YES;
				CLANG_WARN_DIRECT_OBJC_ISA_USAGE = YES_ERROR;
				CLANG_WARN_DOCUMENTATION_COMMENTS = YES;
				CLANG_WARN_EMPTY_BODY = YES;
				CLANG_WARN_ENUM_CONVERSION = YES;
				CLANG_WARN_INFINITE_RECURSION = YES;
				CLANG_WARN_INT_CONVERSION = YES;
				CLANG_WARN_NON_LITERAL_NULL_CONVERSION = YES;
				CLANG_WARN_OBJC_LITERAL_CONVERSION = YES;
				CLANG_WARN_OBJC_ROOT_CLASS = YES_ERROR;
				CLANG_WARN_RANGE_LOOP_ANALYSIS = YES;
				CLANG_WARN_STRICT_PROTOTYPES = YES;
				CLANG_WARN_SUSPICIOUS_MOVE = YES;
				CLANG_WARN_UNGUARDED_AVAILABILITY = YES_AGGRESSIVE;
				CLANG_WARN_UNREACHABLE_CODE = YES;
				CLANG_WARN__DUPLICATE_METHOD_MATCH = YES;
				CODE_SIGN_IDENTITY = "iPhone Developer";
				COPY_PHASE_STRIP = NO;
				DEBUG_INFORMATION_FORMAT = dwarf;
				ENABLE_STRICT_OBJC_MSGSEND = YES;
				ENABLE_TESTABILITY = YES;
				GCC_C_LANGUAGE_STANDARD = gnu11;
				GCC_DYNAMIC_NO_PIC = NO;
				GCC_NO_COMMON_BLOCKS = YES;
				GCC_OPTIMIZATION_LEVEL = 0;
				GCC_PREPROCESSOR_DEFINITIONS = (
					"DEBUG=1",
					"$(inherited)",
				);
				GCC_WARN_64_TO_32_BIT_CONVERSION = YES;
				GCC_WARN_ABOUT_RETURN_TYPE = YES_ERROR;
				GCC_WARN_UNDECLARED_SELECTOR = YES;
				GCC_WARN_UNINITIALIZED_AUTOS = YES_AGGRESSIVE;
				GCC_WARN_UNUSED_FUNCTION = YES;
				GCC_WARN_UNUSED_VARIABLE = YES;
				IPHONEOS_DEPLOYMENT_TARGET = 11.2;
				MTL_ENABLE_DEBUG_INFO = YES;
				ONLY_ACTIVE_ARCH = YES;
				SDKROOT = iphoneos;
			};
			name = Debug;
		};
		18F38DDF1FFF22BB0067200E /* Release */ = {
			isa = XCBuildConfiguration;
			buildSettings = {
				ALWAYS_SEARCH_USER_PATHS = NO;
				CLANG_ANALYZER_NONNULL = YES;
				CLANG_ANALYZER_NUMBER_OBJECT_CONVERSION = YES_AGGRESSIVE;
				CLANG_CXX_LANGUAGE_STANDARD = "gnu++14";
				CLANG_CXX_LIBRARY = "libc++";
				CLANG_ENABLE_MODULES = YES;
				CLANG_ENABLE_OBJC_ARC = YES;
				CLANG_WARN_BLOCK_CAPTURE_AUTORELEASING = YES;
				CLANG_WARN_BOOL_CONVERSION = YES;
				CLANG_WARN_COMMA = YES;
				CLANG_WARN_CONSTANT_CONVERSION = YES;
				CLANG_WARN_DIRECT_OBJC_ISA_USAGE = YES_ERROR;
				CLANG_WARN_DOCUMENTATION_COMMENTS = YES;
				CLANG_WARN_EMPTY_BODY = YES;
				CLANG_WARN_ENUM_CONVERSION = YES;
				CLANG_WARN_INFINITE_RECURSION = YES;
				CLANG_WARN_INT_CONVERSION = YES;
				CLANG_WARN_NON_LITERAL_NULL_CONVERSION = YES;
				CLANG_WARN_OBJC_LITERAL_CONVERSION = YES;
				CLANG_WARN_OBJC_ROOT_CLASS = YES_ERROR;
				CLANG_WARN_RANGE_LOOP_ANALYSIS = YES;
				CLANG_WARN_STRICT_PROTOTYPES = YES;
				CLANG_WARN_SUSPICIOUS_MOVE = YES;
				CLANG_WARN_UNGUARDED_AVAILABILITY = YES_AGGRESSIVE;
				CLANG_WARN_UNREACHABLE_CODE = YES;
				CLANG_WARN__DUPLICATE_METHOD_MATCH = YES;
				CODE_SIGN_IDENTITY = "iPhone Developer";
				COPY_PHASE_STRIP = NO;
				DEBUG_INFORMATION_FORMAT = "dwarf-with-dsym";
				ENABLE_NS_ASSERTIONS = NO;
				ENABLE_STRICT_OBJC_MSGSEND = YES;
				GCC_C_LANGUAGE_STANDARD = gnu11;
				GCC_NO_COMMON_BLOCKS = YES;
				GCC_WARN_64_TO_32_BIT_CONVERSION = YES;
				GCC_WARN_ABOUT_RETURN_TYPE = YES_ERROR;
				GCC_WARN_UNDECLARED_SELECTOR = YES;
				GCC_WARN_UNINITIALIZED_AUTOS = YES_AGGRESSIVE;
				GCC_WARN_UNUSED_FUNCTION = YES;
				GCC_WARN_UNUSED_VARIABLE = YES;
				IPHONEOS_DEPLOYMENT_TARGET = 11.2;
				MTL_ENABLE_DEBUG_INFO = NO;
				SDKROOT = iphoneos;
				VALIDATE_PRODUCT = YES;
			};
			name = Release;
		};
		18F38DE11FFF22BB0067200E /* Debug */ = {
			isa = XCBuildConfiguration;
			buildSettings = {
				ASSETCATALOG_COMPILER_APPICON_NAME = AppIcon;
				CODE_SIGN_STYLE = Automatic;
				DEVELOPMENT_TEAM = 247WWXJD8R;
				INFOPLIST_FILE = HT_stock/Info.plist;
				LD_RUNPATH_SEARCH_PATHS = "$(inherited) @executable_path/Frameworks";
				PRODUCT_BUNDLE_IDENTIFIER = "com.mfhcd.HT-stock";
				PRODUCT_NAME = "$(TARGET_NAME)";
				TARGETED_DEVICE_FAMILY = "1,2";
			};
			name = Debug;
		};
		18F38DE21FFF22BB0067200E /* Release */ = {
			isa = XCBuildConfiguration;
			buildSettings = {
				ASSETCATALOG_COMPILER_APPICON_NAME = AppIcon;
				CODE_SIGN_STYLE = Automatic;
				DEVELOPMENT_TEAM = 247WWXJD8R;
				INFOPLIST_FILE = HT_stock/Info.plist;
				LD_RUNPATH_SEARCH_PATHS = "$(inherited) @executable_path/Frameworks";
				PRODUCT_BUNDLE_IDENTIFIER = "com.mfhcd.HT-stock";
				PRODUCT_NAME = "$(TARGET_NAME)";
				TARGETED_DEVICE_FAMILY = "1,2";
			};
			name = Release;
		};
/* End XCBuildConfiguration section */

/* Begin XCConfigurationList section */
		18F38DC51FFF22BB0067200E /* Build configuration list for PBXProject "HT_stock" */ = {
			isa = XCConfigurationList;
			buildConfigurations = (
				18F38DDE1FFF22BB0067200E /* Debug */,
				18F38DDF1FFF22BB0067200E /* Release */,
			);
			defaultConfigurationIsVisible = 0;
			defaultConfigurationName = Release;
		};
		18F38DE01FFF22BB0067200E /* Build configuration list for PBXNativeTarget "HT_stock" */ = {
			isa = XCConfigurationList;
			buildConfigurations = (
				18F38DE11FFF22BB0067200E /* Debug */,
				18F38DE21FFF22BB0067200E /* Release */,
			);
			defaultConfigurationIsVisible = 0;
			defaultConfigurationName = Release;
		};
/* End XCConfigurationList section */
	};
	rootObject = 18F38DC21FFF22BB0067200E /* Project object */;
}
